// !$*UTF8*$!
{
	archiveVersion = 1;
	classes = {
	};
	objectVersion = 55;
	objects = {

/* Begin PBXBuildFile section */
		1651D41C28355B32002256C6 /* AppDelegate.swift in Sources */ = {isa = PBXBuildFile; fileRef = 1651D41B28355B32002256C6 /* AppDelegate.swift */; };
		1651D41E28355B32002256C6 /* SceneDelegate.swift in Sources */ = {isa = PBXBuildFile; fileRef = 1651D41D28355B32002256C6 /* SceneDelegate.swift */; };
		1651D42028355B32002256C6 /* HomeController.swift in Sources */ = {isa = PBXBuildFile; fileRef = 1651D41F28355B32002256C6 /* HomeController.swift */; };
		1651D42328355B32002256C6 /* Main.storyboard in Resources */ = {isa = PBXBuildFile; fileRef = 1651D42128355B32002256C6 /* Main.storyboard */; };
		1651D42628355B32002256C6 /* path_finder.xcdatamodeld in Sources */ = {isa = PBXBuildFile; fileRef = 1651D42428355B32002256C6 /* path_finder.xcdatamodeld */; };
		1651D42828355B34002256C6 /* Assets.xcassets in Resources */ = {isa = PBXBuildFile; fileRef = 1651D42728355B34002256C6 /* Assets.xcassets */; };
		1651D42B28355B34002256C6 /* LaunchScreen.storyboard in Resources */ = {isa = PBXBuildFile; fileRef = 1651D42928355B34002256C6 /* LaunchScreen.storyboard */; };
		1651D43628355B34002256C6 /* path_finderTests.swift in Sources */ = {isa = PBXBuildFile; fileRef = 1651D43528355B34002256C6 /* path_finderTests.swift */; };
		1651D44028355B35002256C6 /* path_finderUITests.swift in Sources */ = {isa = PBXBuildFile; fileRef = 1651D43F28355B35002256C6 /* path_finderUITests.swift */; };
		1651D44228355B35002256C6 /* path_finderUITestsLaunchTests.swift in Sources */ = {isa = PBXBuildFile; fileRef = 1651D44128355B35002256C6 /* path_finderUITestsLaunchTests.swift */; };
		167050A82836BC6700348181 /* AddressHistoryController.swift in Sources */ = {isa = PBXBuildFile; fileRef = 167050A72836BC6700348181 /* AddressHistoryController.swift */; };
		167050AA2836C17B00348181 /* Keys.swift in Sources */ = {isa = PBXBuildFile; fileRef = 167050A92836C17B00348181 /* Keys.swift */; };
		684AEF62385D4AB9A10039EE /* Pods_path_finderTests.framework in Frameworks */ = {isa = PBXBuildFile; fileRef = D9BA52DA9FA02E51970C4346 /* Pods_path_finderTests.framework */; };
		D32B16CAF70082390CBF04BE /* Pods_path_finder.framework in Frameworks */ = {isa = PBXBuildFile; fileRef = C4CB4EE8494B085B3847EA6C /* Pods_path_finder.framework */; };
		F093C45213FAF90B2AD9CF76 /* Pods_path_finder_path_finderUITests.framework in Frameworks */ = {isa = PBXBuildFile; fileRef = 2E6A9C9AE370AAE3F253F770 /* Pods_path_finder_path_finderUITests.framework */; };
/* End PBXBuildFile section */

/* Begin PBXContainerItemProxy section */
		1651D43228355B34002256C6 /* PBXContainerItemProxy */ = {
			isa = PBXContainerItemProxy;
			containerPortal = 1651D41028355B32002256C6 /* Project object */;
			proxyType = 1;
			remoteGlobalIDString = 1651D41728355B32002256C6;
			remoteInfo = "path-finder";
		};
		1651D43C28355B34002256C6 /* PBXContainerItemProxy */ = {
			isa = PBXContainerItemProxy;
			containerPortal = 1651D41028355B32002256C6 /* Project object */;
			proxyType = 1;
			remoteGlobalIDString = 1651D41728355B32002256C6;
			remoteInfo = "path-finder";
		};
/* End PBXContainerItemProxy section */

/* Begin PBXFileReference section */
		084019F888B3D3DDC89891D8 /* Pods-path-finder.release.xcconfig */ = {isa = PBXFileReference; includeInIndex = 1; lastKnownFileType = text.xcconfig; name = "Pods-path-finder.release.xcconfig"; path = "Target Support Files/Pods-path-finder/Pods-path-finder.release.xcconfig"; sourceTree = "<group>"; };
		1651D41828355B32002256C6 /* path-finder.app */ = {isa = PBXFileReference; explicitFileType = wrapper.application; includeInIndex = 0; path = "path-finder.app"; sourceTree = BUILT_PRODUCTS_DIR; };
		1651D41B28355B32002256C6 /* AppDelegate.swift */ = {isa = PBXFileReference; lastKnownFileType = sourcecode.swift; path = AppDelegate.swift; sourceTree = "<group>"; };
		1651D41D28355B32002256C6 /* SceneDelegate.swift */ = {isa = PBXFileReference; lastKnownFileType = sourcecode.swift; path = SceneDelegate.swift; sourceTree = "<group>"; };
		1651D41F28355B32002256C6 /* HomeController.swift */ = {isa = PBXFileReference; lastKnownFileType = sourcecode.swift; path = HomeController.swift; sourceTree = "<group>"; };
		1651D42228355B32002256C6 /* Base */ = {isa = PBXFileReference; lastKnownFileType = file.storyboard; name = Base; path = Base.lproj/Main.storyboard; sourceTree = "<group>"; };
		1651D42528355B32002256C6 /* path_finder.xcdatamodel */ = {isa = PBXFileReference; lastKnownFileType = wrapper.xcdatamodel; path = path_finder.xcdatamodel; sourceTree = "<group>"; };
		1651D42728355B34002256C6 /* Assets.xcassets */ = {isa = PBXFileReference; lastKnownFileType = folder.assetcatalog; path = Assets.xcassets; sourceTree = "<group>"; };
		1651D42A28355B34002256C6 /* Base */ = {isa = PBXFileReference; lastKnownFileType = file.storyboard; name = Base; path = Base.lproj/LaunchScreen.storyboard; sourceTree = "<group>"; };
		1651D42C28355B34002256C6 /* Info.plist */ = {isa = PBXFileReference; lastKnownFileType = text.plist.xml; path = Info.plist; sourceTree = "<group>"; };
		1651D43128355B34002256C6 /* path-finderTests.xctest */ = {isa = PBXFileReference; explicitFileType = wrapper.cfbundle; includeInIndex = 0; path = "path-finderTests.xctest"; sourceTree = BUILT_PRODUCTS_DIR; };
		1651D43528355B34002256C6 /* path_finderTests.swift */ = {isa = PBXFileReference; lastKnownFileType = sourcecode.swift; path = path_finderTests.swift; sourceTree = "<group>"; };
		1651D43B28355B34002256C6 /* path-finderUITests.xctest */ = {isa = PBXFileReference; explicitFileType = wrapper.cfbundle; includeInIndex = 0; path = "path-finderUITests.xctest"; sourceTree = BUILT_PRODUCTS_DIR; };
		1651D43F28355B35002256C6 /* path_finderUITests.swift */ = {isa = PBXFileReference; lastKnownFileType = sourcecode.swift; path = path_finderUITests.swift; sourceTree = "<group>"; };
		1651D44128355B35002256C6 /* path_finderUITestsLaunchTests.swift */ = {isa = PBXFileReference; lastKnownFileType = sourcecode.swift; path = path_finderUITestsLaunchTests.swift; sourceTree = "<group>"; };
		167050A72836BC6700348181 /* AddressHistoryController.swift */ = {isa = PBXFileReference; lastKnownFileType = sourcecode.swift; path = AddressHistoryController.swift; sourceTree = "<group>"; };
		167050A92836C17B00348181 /* Keys.swift */ = {isa = PBXFileReference; lastKnownFileType = sourcecode.swift; path = Keys.swift; sourceTree = "<group>"; };
		216CA7B268BFC7DC3D551C1F /* Pods-path-finder-path-finderUITests.release.xcconfig */ = {isa = PBXFileReference; includeInIndex = 1; lastKnownFileType = text.xcconfig; name = "Pods-path-finder-path-finderUITests.release.xcconfig"; path = "Target Support Files/Pods-path-finder-path-finderUITests/Pods-path-finder-path-finderUITests.release.xcconfig"; sourceTree = "<group>"; };
		2E6A9C9AE370AAE3F253F770 /* Pods_path_finder_path_finderUITests.framework */ = {isa = PBXFileReference; explicitFileType = wrapper.framework; includeInIndex = 0; path = Pods_path_finder_path_finderUITests.framework; sourceTree = BUILT_PRODUCTS_DIR; };
		9CE4ECE7D71169F384387D75 /* Pods-path-finderTests.debug.xcconfig */ = {isa = PBXFileReference; includeInIndex = 1; lastKnownFileType = text.xcconfig; name = "Pods-path-finderTests.debug.xcconfig"; path = "Target Support Files/Pods-path-finderTests/Pods-path-finderTests.debug.xcconfig"; sourceTree = "<group>"; };
		C4CB4EE8494B085B3847EA6C /* Pods_path_finder.framework */ = {isa = PBXFileReference; explicitFileType = wrapper.framework; includeInIndex = 0; path = Pods_path_finder.framework; sourceTree = BUILT_PRODUCTS_DIR; };
		CDE20A885BEEE1741E956A25 /* Pods-path-finder.debug.xcconfig */ = {isa = PBXFileReference; includeInIndex = 1; lastKnownFileType = text.xcconfig; name = "Pods-path-finder.debug.xcconfig"; path = "Target Support Files/Pods-path-finder/Pods-path-finder.debug.xcconfig"; sourceTree = "<group>"; };
		D7C10999E2F453AB129F3E29 /* Pods-path-finderTests.release.xcconfig */ = {isa = PBXFileReference; includeInIndex = 1; lastKnownFileType = text.xcconfig; name = "Pods-path-finderTests.release.xcconfig"; path = "Target Support Files/Pods-path-finderTests/Pods-path-finderTests.release.xcconfig"; sourceTree = "<group>"; };
		D9BA52DA9FA02E51970C4346 /* Pods_path_finderTests.framework */ = {isa = PBXFileReference; explicitFileType = wrapper.framework; includeInIndex = 0; path = Pods_path_finderTests.framework; sourceTree = BUILT_PRODUCTS_DIR; };
		E32888A2843B4EF040DA1A73 /* Pods-path-finder-path-finderUITests.debug.xcconfig */ = {isa = PBXFileReference; includeInIndex = 1; lastKnownFileType = text.xcconfig; name = "Pods-path-finder-path-finderUITests.debug.xcconfig"; path = "Target Support Files/Pods-path-finder-path-finderUITests/Pods-path-finder-path-finderUITests.debug.xcconfig"; sourceTree = "<group>"; };
/* End PBXFileReference section */

/* Begin PBXFrameworksBuildPhase section */
		1651D41528355B32002256C6 /* Frameworks */ = {
			isa = PBXFrameworksBuildPhase;
			buildActionMask = 2147483647;
			files = (
				D32B16CAF70082390CBF04BE /* Pods_path_finder.framework in Frameworks */,
			);
			runOnlyForDeploymentPostprocessing = 0;
		};
		1651D42E28355B34002256C6 /* Frameworks */ = {
			isa = PBXFrameworksBuildPhase;
			buildActionMask = 2147483647;
			files = (
				684AEF62385D4AB9A10039EE /* Pods_path_finderTests.framework in Frameworks */,
			);
			runOnlyForDeploymentPostprocessing = 0;
		};
		1651D43828355B34002256C6 /* Frameworks */ = {
			isa = PBXFrameworksBuildPhase;
			buildActionMask = 2147483647;
			files = (
				F093C45213FAF90B2AD9CF76 /* Pods_path_finder_path_finderUITests.framework in Frameworks */,
			);
			runOnlyForDeploymentPostprocessing = 0;
		};
/* End PBXFrameworksBuildPhase section */

/* Begin PBXGroup section */
		1651D40F28355B32002256C6 = {
			isa = PBXGroup;
			children = (
				1651D41A28355B32002256C6 /* path-finder */,
				1651D43428355B34002256C6 /* path-finderTests */,
				1651D43E28355B34002256C6 /* path-finderUITests */,
				1651D41928355B32002256C6 /* Products */,
				D847E766DC254FB8020F7056 /* Pods */,
				3E209D52B19998E82144A953 /* Frameworks */,
			);
			sourceTree = "<group>";
		};
		1651D41928355B32002256C6 /* Products */ = {
			isa = PBXGroup;
			children = (
				1651D41828355B32002256C6 /* path-finder.app */,
				1651D43128355B34002256C6 /* path-finderTests.xctest */,
				1651D43B28355B34002256C6 /* path-finderUITests.xctest */,
			);
			name = Products;
			sourceTree = "<group>";
		};
		1651D41A28355B32002256C6 /* path-finder */ = {
			isa = PBXGroup;
			children = (
				16BD62B52836DE5E00E941BB /* Controller */,
				1651D41B28355B32002256C6 /* AppDelegate.swift */,
				1651D41D28355B32002256C6 /* SceneDelegate.swift */,
				1651D42128355B32002256C6 /* Main.storyboard */,
				1651D42728355B34002256C6 /* Assets.xcassets */,
				1651D42928355B34002256C6 /* LaunchScreen.storyboard */,
				1651D42C28355B34002256C6 /* Info.plist */,
				1651D42428355B32002256C6 /* path_finder.xcdatamodeld */,
				167050A92836C17B00348181 /* Keys.swift */,
			);
			path = "path-finder";
			sourceTree = "<group>";
		};
		1651D43428355B34002256C6 /* path-finderTests */ = {
			isa = PBXGroup;
			children = (
				1651D43528355B34002256C6 /* path_finderTests.swift */,
			);
			path = "path-finderTests";
			sourceTree = "<group>";
		};
		1651D43E28355B34002256C6 /* path-finderUITests */ = {
			isa = PBXGroup;
			children = (
				1651D43F28355B35002256C6 /* path_finderUITests.swift */,
				1651D44128355B35002256C6 /* path_finderUITestsLaunchTests.swift */,
			);
			path = "path-finderUITests";
			sourceTree = "<group>";
		};
		16BD62B52836DE5E00E941BB /* Controller */ = {
			isa = PBXGroup;
			children = (
				1651D41F28355B32002256C6 /* HomeController.swift */,
				167050A72836BC6700348181 /* AddressHistoryController.swift */,
			);
			path = Controller;
			sourceTree = "<group>";
		};
		3E209D52B19998E82144A953 /* Frameworks */ = {
			isa = PBXGroup;
			children = (
				C4CB4EE8494B085B3847EA6C /* Pods_path_finder.framework */,
				2E6A9C9AE370AAE3F253F770 /* Pods_path_finder_path_finderUITests.framework */,
				D9BA52DA9FA02E51970C4346 /* Pods_path_finderTests.framework */,
			);
			name = Frameworks;
			sourceTree = "<group>";
		};
		D847E766DC254FB8020F7056 /* Pods */ = {
			isa = PBXGroup;
			children = (
				CDE20A885BEEE1741E956A25 /* Pods-path-finder.debug.xcconfig */,
				084019F888B3D3DDC89891D8 /* Pods-path-finder.release.xcconfig */,
				E32888A2843B4EF040DA1A73 /* Pods-path-finder-path-finderUITests.debug.xcconfig */,
				216CA7B268BFC7DC3D551C1F /* Pods-path-finder-path-finderUITests.release.xcconfig */,
				9CE4ECE7D71169F384387D75 /* Pods-path-finderTests.debug.xcconfig */,
				D7C10999E2F453AB129F3E29 /* Pods-path-finderTests.release.xcconfig */,
			);
			path = Pods;
			sourceTree = "<group>";
		};
/* End PBXGroup section */

/* Begin PBXNativeTarget section */
		1651D41728355B32002256C6 /* path-finder */ = {
			isa = PBXNativeTarget;
			buildConfigurationList = 1651D44528355B35002256C6 /* Build configuration list for PBXNativeTarget "path-finder" */;
			buildPhases = (
				0262B71EF97D8E1710978111 /* [CP] Check Pods Manifest.lock */,
				1651D41428355B32002256C6 /* Sources */,
				1651D41528355B32002256C6 /* Frameworks */,
				1651D41628355B32002256C6 /* Resources */,
				DC9560BE8A675DEEF0DA3385 /* [CP] Copy Pods Resources */,
				9642466088503FD5218F75B6 /* [CP] Embed Pods Frameworks */,
			);
			buildRules = (
			);
			dependencies = (
			);
			name = "path-finder";
			productName = "path-finder";
			productReference = 1651D41828355B32002256C6 /* path-finder.app */;
			productType = "com.apple.product-type.application";
		};
		1651D43028355B34002256C6 /* path-finderTests */ = {
			isa = PBXNativeTarget;
			buildConfigurationList = 1651D44828355B35002256C6 /* Build configuration list for PBXNativeTarget "path-finderTests" */;
			buildPhases = (
				6A36E8C920A171A2BC8D2080 /* [CP] Check Pods Manifest.lock */,
				1651D42D28355B34002256C6 /* Sources */,
				1651D42E28355B34002256C6 /* Frameworks */,
				1651D42F28355B34002256C6 /* Resources */,
			);
			buildRules = (
			);
			dependencies = (
				1651D43328355B34002256C6 /* PBXTargetDependency */,
			);
			name = "path-finderTests";
			productName = "path-finderTests";
			productReference = 1651D43128355B34002256C6 /* path-finderTests.xctest */;
			productType = "com.apple.product-type.bundle.unit-test";
		};
		1651D43A28355B34002256C6 /* path-finderUITests */ = {
			isa = PBXNativeTarget;
			buildConfigurationList = 1651D44B28355B35002256C6 /* Build configuration list for PBXNativeTarget "path-finderUITests" */;
			buildPhases = (
				FB43F49F94D424214DD6AAAA /* [CP] Check Pods Manifest.lock */,
				1651D43728355B34002256C6 /* Sources */,
				1651D43828355B34002256C6 /* Frameworks */,
				1651D43928355B34002256C6 /* Resources */,
				7E1E62A251F4F385985D6D1C /* [CP] Copy Pods Resources */,
				08C7CF0005B18168AA1E13AC /* [CP] Embed Pods Frameworks */,
			);
			buildRules = (
			);
			dependencies = (
				1651D43D28355B34002256C6 /* PBXTargetDependency */,
			);
			name = "path-finderUITests";
			productName = "path-finderUITests";
			productReference = 1651D43B28355B34002256C6 /* path-finderUITests.xctest */;
			productType = "com.apple.product-type.bundle.ui-testing";
		};
/* End PBXNativeTarget section */

/* Begin PBXProject section */
		1651D41028355B32002256C6 /* Project object */ = {
			isa = PBXProject;
			attributes = {
				BuildIndependentTargetsInParallel = 1;
				LastSwiftUpdateCheck = 1330;
				LastUpgradeCheck = 1330;
				TargetAttributes = {
					1651D41728355B32002256C6 = {
						CreatedOnToolsVersion = 13.3.1;
					};
					1651D43028355B34002256C6 = {
						CreatedOnToolsVersion = 13.3.1;
						TestTargetID = 1651D41728355B32002256C6;
					};
					1651D43A28355B34002256C6 = {
						CreatedOnToolsVersion = 13.3.1;
						TestTargetID = 1651D41728355B32002256C6;
					};
				};
			};
			buildConfigurationList = 1651D41328355B32002256C6 /* Build configuration list for PBXProject "path-finder" */;
			compatibilityVersion = "Xcode 13.0";
			developmentRegion = en;
			hasScannedForEncodings = 0;
			knownRegions = (
				en,
				Base,
			);
			mainGroup = 1651D40F28355B32002256C6;
			productRefGroup = 1651D41928355B32002256C6 /* Products */;
			projectDirPath = "";
			projectRoot = "";
			targets = (
				1651D41728355B32002256C6 /* path-finder */,
				1651D43028355B34002256C6 /* path-finderTests */,
				1651D43A28355B34002256C6 /* path-finderUITests */,
			);
		};
/* End PBXProject section */

/* Begin PBXResourcesBuildPhase section */
		1651D41628355B32002256C6 /* Resources */ = {
			isa = PBXResourcesBuildPhase;
			buildActionMask = 2147483647;
			files = (
				1651D42B28355B34002256C6 /* LaunchScreen.storyboard in Resources */,
				1651D42828355B34002256C6 /* Assets.xcassets in Resources */,
				1651D42328355B32002256C6 /* Main.storyboard in Resources */,
			);
			runOnlyForDeploymentPostprocessing = 0;
		};
		1651D42F28355B34002256C6 /* Resources */ = {
			isa = PBXResourcesBuildPhase;
			buildActionMask = 2147483647;
			files = (
			);
			runOnlyForDeploymentPostprocessing = 0;
		};
		1651D43928355B34002256C6 /* Resources */ = {
			isa = PBXResourcesBuildPhase;
			buildActionMask = 2147483647;
			files = (
			);
			runOnlyForDeploymentPostprocessing = 0;
		};
/* End PBXResourcesBuildPhase section */

/* Begin PBXShellScriptBuildPhase section */
		0262B71EF97D8E1710978111 /* [CP] Check Pods Manifest.lock */ = {
			isa = PBXShellScriptBuildPhase;
			buildActionMask = 2147483647;
			files = (
			);
			inputFileListPaths = (
			);
			inputPaths = (
				"${PODS_PODFILE_DIR_PATH}/Podfile.lock",
				"${PODS_ROOT}/Manifest.lock",
			);
			name = "[CP] Check Pods Manifest.lock";
			outputFileListPaths = (
			);
			outputPaths = (
				"$(DERIVED_FILE_DIR)/Pods-path-finder-checkManifestLockResult.txt",
			);
			runOnlyForDeploymentPostprocessing = 0;
			shellPath = /bin/sh;
			shellScript = "diff \"${PODS_PODFILE_DIR_PATH}/Podfile.lock\" \"${PODS_ROOT}/Manifest.lock\" > /dev/null\nif [ $? != 0 ] ; then\n    # print error to STDERR\n    echo \"error: The sandbox is not in sync with the Podfile.lock. Run 'pod install' or update your CocoaPods installation.\" >&2\n    exit 1\nfi\n# This output is used by Xcode 'outputs' to avoid re-running this script phase.\necho \"SUCCESS\" > \"${SCRIPT_OUTPUT_FILE_0}\"\n";
			showEnvVarsInLog = 0;
		};
		08C7CF0005B18168AA1E13AC /* [CP] Embed Pods Frameworks */ = {
			isa = PBXShellScriptBuildPhase;
			buildActionMask = 2147483647;
			files = (
			);
			inputFileListPaths = (
				"${PODS_ROOT}/Target Support Files/Pods-path-finder-path-finderUITests/Pods-path-finder-path-finderUITests-frameworks-${CONFIGURATION}-input-files.xcfilelist",
			);
			name = "[CP] Embed Pods Frameworks";
			outputFileListPaths = (
				"${PODS_ROOT}/Target Support Files/Pods-path-finder-path-finderUITests/Pods-path-finder-path-finderUITests-frameworks-${CONFIGURATION}-output-files.xcfilelist",
			);
			runOnlyForDeploymentPostprocessing = 0;
			shellPath = /bin/sh;
			shellScript = "\"${PODS_ROOT}/Target Support Files/Pods-path-finder-path-finderUITests/Pods-path-finder-path-finderUITests-frameworks.sh\"\n";
			showEnvVarsInLog = 0;
		};
		6A36E8C920A171A2BC8D2080 /* [CP] Check Pods Manifest.lock */ = {
			isa = PBXShellScriptBuildPhase;
			buildActionMask = 2147483647;
			files = (
			);
			inputFileListPaths = (
			);
			inputPaths = (
				"${PODS_PODFILE_DIR_PATH}/Podfile.lock",
				"${PODS_ROOT}/Manifest.lock",
			);
			name = "[CP] Check Pods Manifest.lock";
			outputFileListPaths = (
			);
			outputPaths = (
				"$(DERIVED_FILE_DIR)/Pods-path-finderTests-checkManifestLockResult.txt",
			);
			runOnlyForDeploymentPostprocessing = 0;
			shellPath = /bin/sh;
			shellScript = "diff \"${PODS_PODFILE_DIR_PATH}/Podfile.lock\" \"${PODS_ROOT}/Manifest.lock\" > /dev/null\nif [ $? != 0 ] ; then\n    # print error to STDERR\n    echo \"error: The sandbox is not in sync with the Podfile.lock. Run 'pod install' or update your CocoaPods installation.\" >&2\n    exit 1\nfi\n# This output is used by Xcode 'outputs' to avoid re-running this script phase.\necho \"SUCCESS\" > \"${SCRIPT_OUTPUT_FILE_0}\"\n";
			showEnvVarsInLog = 0;
		};
		7E1E62A251F4F385985D6D1C /* [CP] Copy Pods Resources */ = {
			isa = PBXShellScriptBuildPhase;
			buildActionMask = 2147483647;
			files = (
			);
			inputFileListPaths = (
				"${PODS_ROOT}/Target Support Files/Pods-path-finder-path-finderUITests/Pods-path-finder-path-finderUITests-resources-${CONFIGURATION}-input-files.xcfilelist",
			);
			name = "[CP] Copy Pods Resources";
			outputFileListPaths = (
				"${PODS_ROOT}/Target Support Files/Pods-path-finder-path-finderUITests/Pods-path-finder-path-finderUITests-resources-${CONFIGURATION}-output-files.xcfilelist",
			);
			runOnlyForDeploymentPostprocessing = 0;
			shellPath = /bin/sh;
			shellScript = "\"${PODS_ROOT}/Target Support Files/Pods-path-finder-path-finderUITests/Pods-path-finder-path-finderUITests-resources.sh\"\n";
			showEnvVarsInLog = 0;
		};
		9642466088503FD5218F75B6 /* [CP] Embed Pods Frameworks */ = {
			isa = PBXShellScriptBuildPhase;
			buildActionMask = 2147483647;
			files = (
			);
			inputFileListPaths = (
				"${PODS_ROOT}/Target Support Files/Pods-path-finder/Pods-path-finder-frameworks-${CONFIGURATION}-input-files.xcfilelist",
			);
			name = "[CP] Embed Pods Frameworks";
			outputFileListPaths = (
				"${PODS_ROOT}/Target Support Files/Pods-path-finder/Pods-path-finder-frameworks-${CONFIGURATION}-output-files.xcfilelist",
			);
			runOnlyForDeploymentPostprocessing = 0;
			shellPath = /bin/sh;
			shellScript = "\"${PODS_ROOT}/Target Support Files/Pods-path-finder/Pods-path-finder-frameworks.sh\"\n";
			showEnvVarsInLog = 0;
		};
		DC9560BE8A675DEEF0DA3385 /* [CP] Copy Pods Resources */ = {
			isa = PBXShellScriptBuildPhase;
			buildActionMask = 2147483647;
			files = (
			);
			inputFileListPaths = (
				"${PODS_ROOT}/Target Support Files/Pods-path-finder/Pods-path-finder-resources-${CONFIGURATION}-input-files.xcfilelist",
			);
			name = "[CP] Copy Pods Resources";
			outputFileListPaths = (
				"${PODS_ROOT}/Target Support Files/Pods-path-finder/Pods-path-finder-resources-${CONFIGURATION}-output-files.xcfilelist",
			);
			runOnlyForDeploymentPostprocessing = 0;
			shellPath = /bin/sh;
			shellScript = "\"${PODS_ROOT}/Target Support Files/Pods-path-finder/Pods-path-finder-resources.sh\"\n";
			showEnvVarsInLog = 0;
		};
		FB43F49F94D424214DD6AAAA /* [CP] Check Pods Manifest.lock */ = {
			isa = PBXShellScriptBuildPhase;
			buildActionMask = 2147483647;
			files = (
			);
			inputFileListPaths = (
			);
			inputPaths = (
				"${PODS_PODFILE_DIR_PATH}/Podfile.lock",
				"${PODS_ROOT}/Manifest.lock",
			);
			name = "[CP] Check Pods Manifest.lock";
			outputFileListPaths = (
			);
			outputPaths = (
				"$(DERIVED_FILE_DIR)/Pods-path-finder-path-finderUITests-checkManifestLockResult.txt",
			);
			runOnlyForDeploymentPostprocessing = 0;
			shellPath = /bin/sh;
			shellScript = "diff \"${PODS_PODFILE_DIR_PATH}/Podfile.lock\" \"${PODS_ROOT}/Manifest.lock\" > /dev/null\nif [ $? != 0 ] ; then\n    # print error to STDERR\n    echo \"error: The sandbox is not in sync with the Podfile.lock. Run 'pod install' or update your CocoaPods installation.\" >&2\n    exit 1\nfi\n# This output is used by Xcode 'outputs' to avoid re-running this script phase.\necho \"SUCCESS\" > \"${SCRIPT_OUTPUT_FILE_0}\"\n";
			showEnvVarsInLog = 0;
		};
/* End PBXShellScriptBuildPhase section */

/* Begin PBXSourcesBuildPhase section */
		1651D41428355B32002256C6 /* Sources */ = {
			isa = PBXSourcesBuildPhase;
			buildActionMask = 2147483647;
			files = (
				1651D42628355B32002256C6 /* path_finder.xcdatamodeld in Sources */,
				167050AA2836C17B00348181 /* Keys.swift in Sources */,
				167050A82836BC6700348181 /* AddressHistoryController.swift in Sources */,
				1651D42028355B32002256C6 /* HomeController.swift in Sources */,
				1651D41C28355B32002256C6 /* AppDelegate.swift in Sources */,
				1651D41E28355B32002256C6 /* SceneDelegate.swift in Sources */,
			);
			runOnlyForDeploymentPostprocessing = 0;
		};
		1651D42D28355B34002256C6 /* Sources */ = {
			isa = PBXSourcesBuildPhase;
			buildActionMask = 2147483647;
			files = (
				1651D43628355B34002256C6 /* path_finderTests.swift in Sources */,
			);
			runOnlyForDeploymentPostprocessing = 0;
		};
		1651D43728355B34002256C6 /* Sources */ = {
			isa = PBXSourcesBuildPhase;
			buildActionMask = 2147483647;
			files = (
				1651D44028355B35002256C6 /* path_finderUITests.swift in Sources */,
				1651D44228355B35002256C6 /* path_finderUITestsLaunchTests.swift in Sources */,
			);
			runOnlyForDeploymentPostprocessing = 0;
		};
/* End PBXSourcesBuildPhase section */

/* Begin PBXTargetDependency section */
		1651D43328355B34002256C6 /* PBXTargetDependency */ = {
			isa = PBXTargetDependency;
			target = 1651D41728355B32002256C6 /* path-finder */;
			targetProxy = 1651D43228355B34002256C6 /* PBXContainerItemProxy */;
		};
		1651D43D28355B34002256C6 /* PBXTargetDependency */ = {
			isa = PBXTargetDependency;
			target = 1651D41728355B32002256C6 /* path-finder */;
			targetProxy = 1651D43C28355B34002256C6 /* PBXContainerItemProxy */;
		};
/* End PBXTargetDependency section */

/* Begin PBXVariantGroup section */
		1651D42128355B32002256C6 /* Main.storyboard */ = {
			isa = PBXVariantGroup;
			children = (
				1651D42228355B32002256C6 /* Base */,
			);
			name = Main.storyboard;
			sourceTree = "<group>";
		};
		1651D42928355B34002256C6 /* LaunchScreen.storyboard */ = {
			isa = PBXVariantGroup;
			children = (
				1651D42A28355B34002256C6 /* Base */,
			);
			name = LaunchScreen.storyboard;
			sourceTree = "<group>";
		};
/* End PBXVariantGroup section */

/* Begin XCBuildConfiguration section */
		1651D44328355B35002256C6 /* Debug */ = {
			isa = XCBuildConfiguration;
			buildSettings = {
				ALWAYS_SEARCH_USER_PATHS = NO;
				CLANG_ANALYZER_NONNULL = YES;
				CLANG_ANALYZER_NUMBER_OBJECT_CONVERSION = YES_AGGRESSIVE;
				CLANG_CXX_LANGUAGE_STANDARD = "gnu++17";
				CLANG_ENABLE_MODULES = YES;
				CLANG_ENABLE_OBJC_ARC = YES;
				CLANG_ENABLE_OBJC_WEAK = YES;
				CLANG_WARN_BLOCK_CAPTURE_AUTORELEASING = YES;
				CLANG_WARN_BOOL_CONVERSION = YES;
				CLANG_WARN_COMMA = YES;
				CLANG_WARN_CONSTANT_CONVERSION = YES;
				CLANG_WARN_DEPRECATED_OBJC_IMPLEMENTATIONS = YES;
				CLANG_WARN_DIRECT_OBJC_ISA_USAGE = YES_ERROR;
				CLANG_WARN_DOCUMENTATION_COMMENTS = YES;
				CLANG_WARN_EMPTY_BODY = YES;
				CLANG_WARN_ENUM_CONVERSION = YES;
				CLANG_WARN_INFINITE_RECURSION = YES;
				CLANG_WARN_INT_CONVERSION = YES;
				CLANG_WARN_NON_LITERAL_NULL_CONVERSION = YES;
				CLANG_WARN_OBJC_IMPLICIT_RETAIN_SELF = YES;
				CLANG_WARN_OBJC_LITERAL_CONVERSION = YES;
				CLANG_WARN_OBJC_ROOT_CLASS = YES_ERROR;
				CLANG_WARN_QUOTED_INCLUDE_IN_FRAMEWORK_HEADER = YES;
				CLANG_WARN_RANGE_LOOP_ANALYSIS = YES;
				CLANG_WARN_STRICT_PROTOTYPES = YES;
				CLANG_WARN_SUSPICIOUS_MOVE = YES;
				CLANG_WARN_UNGUARDED_AVAILABILITY = YES_AGGRESSIVE;
				CLANG_WARN_UNREACHABLE_CODE = YES;
				CLANG_WARN__DUPLICATE_METHOD_MATCH = YES;
				COPY_PHASE_STRIP = NO;
				DEBUG_INFORMATION_FORMAT = dwarf;
				ENABLE_STRICT_OBJC_MSGSEND = YES;
				ENABLE_TESTABILITY = YES;
				GCC_C_LANGUAGE_STANDARD = gnu11;
				GCC_DYNAMIC_NO_PIC = NO;
				GCC_NO_COMMON_BLOCKS = YES;
				GCC_OPTIMIZATION_LEVEL = 0;
				GCC_PREPROCESSOR_DEFINITIONS = (
					"DEBUG=1",
					"$(inherited)",
				);
				GCC_WARN_64_TO_32_BIT_CONVERSION = YES;
				GCC_WARN_ABOUT_RETURN_TYPE = YES_ERROR;
				GCC_WARN_UNDECLARED_SELECTOR = YES;
				GCC_WARN_UNINITIALIZED_AUTOS = YES_AGGRESSIVE;
				GCC_WARN_UNUSED_FUNCTION = YES;
				GCC_WARN_UNUSED_VARIABLE = YES;
				IPHONEOS_DEPLOYMENT_TARGET = 15.4;
				MTL_ENABLE_DEBUG_INFO = INCLUDE_SOURCE;
				MTL_FAST_MATH = YES;
				ONLY_ACTIVE_ARCH = YES;
				SDKROOT = iphoneos;
				SWIFT_ACTIVE_COMPILATION_CONDITIONS = DEBUG;
				SWIFT_OPTIMIZATION_LEVEL = "-Onone";
			};
			name = Debug;
		};
		1651D44428355B35002256C6 /* Release */ = {
			isa = XCBuildConfiguration;
			buildSettings = {
				ALWAYS_SEARCH_USER_PATHS = NO;
				CLANG_ANALYZER_NONNULL = YES;
				CLANG_ANALYZER_NUMBER_OBJECT_CONVERSION = YES_AGGRESSIVE;
				CLANG_CXX_LANGUAGE_STANDARD = "gnu++17";
				CLANG_ENABLE_MODULES = YES;
				CLANG_ENABLE_OBJC_ARC = YES;
				CLANG_ENABLE_OBJC_WEAK = YES;
				CLANG_WARN_BLOCK_CAPTURE_AUTORELEASING = YES;
				CLANG_WARN_BOOL_CONVERSION = YES;
				CLANG_WARN_COMMA = YES;
				CLANG_WARN_CONSTANT_CONVERSION = YES;
				CLANG_WARN_DEPRECATED_OBJC_IMPLEMENTATIONS = YES;
				CLANG_WARN_DIRECT_OBJC_ISA_USAGE = YES_ERROR;
				CLANG_WARN_DOCUMENTATION_COMMENTS = YES;
				CLANG_WARN_EMPTY_BODY = YES;
				CLANG_WARN_ENUM_CONVERSION = YES;
				CLANG_WARN_INFINITE_RECURSION = YES;
				CLANG_WARN_INT_CONVERSION = YES;
				CLANG_WARN_NON_LITERAL_NULL_CONVERSION = YES;
				CLANG_WARN_OBJC_IMPLICIT_RETAIN_SELF = YES;
				CLANG_WARN_OBJC_LITERAL_CONVERSION = YES;
				CLANG_WARN_OBJC_ROOT_CLASS = YES_ERROR;
				CLANG_WARN_QUOTED_INCLUDE_IN_FRAMEWORK_HEADER = YES;
				CLANG_WARN_RANGE_LOOP_ANALYSIS = YES;
				CLANG_WARN_STRICT_PROTOTYPES = YES;
				CLANG_WARN_SUSPICIOUS_MOVE = YES;
				CLANG_WARN_UNGUARDED_AVAILABILITY = YES_AGGRESSIVE;
				CLANG_WARN_UNREACHABLE_CODE = YES;
				CLANG_WARN__DUPLICATE_METHOD_MATCH = YES;
				COPY_PHASE_STRIP = NO;
				DEBUG_INFORMATION_FORMAT = "dwarf-with-dsym";
				ENABLE_NS_ASSERTIONS = NO;
				ENABLE_STRICT_OBJC_MSGSEND = YES;
				GCC_C_LANGUAGE_STANDARD = gnu11;
				GCC_NO_COMMON_BLOCKS = YES;
				GCC_WARN_64_TO_32_BIT_CONVERSION = YES;
				GCC_WARN_ABOUT_RETURN_TYPE = YES_ERROR;
				GCC_WARN_UNDECLARED_SELECTOR = YES;
				GCC_WARN_UNINITIALIZED_AUTOS = YES_AGGRESSIVE;
				GCC_WARN_UNUSED_FUNCTION = YES;
				GCC_WARN_UNUSED_VARIABLE = YES;
				IPHONEOS_DEPLOYMENT_TARGET = 15.4;
				MTL_ENABLE_DEBUG_INFO = NO;
				MTL_FAST_MATH = YES;
				SDKROOT = iphoneos;
				SWIFT_COMPILATION_MODE = wholemodule;
				SWIFT_OPTIMIZATION_LEVEL = "-O";
				VALIDATE_PRODUCT = YES;
			};
			name = Release;
		};
		1651D44628355B35002256C6 /* Debug */ = {
			isa = XCBuildConfiguration;
			baseConfigurationReference = CDE20A885BEEE1741E956A25 /* Pods-path-finder.debug.xcconfig */;
			buildSettings = {
				ASSETCATALOG_COMPILER_APPICON_NAME = AppIcon;
				ASSETCATALOG_COMPILER_GLOBAL_ACCENT_COLOR_NAME = AccentColor;
				CODE_SIGN_IDENTITY = "Apple Development";
				CODE_SIGN_STYLE = Automatic;
				CURRENT_PROJECT_VERSION = 1;
				DEVELOPMENT_TEAM = 5Z953BXNTC;
				GENERATE_INFOPLIST_FILE = YES;
				INFOPLIST_FILE = "path-finder/Info.plist";
				INFOPLIST_KEY_UIApplicationSupportsIndirectInputEvents = YES;
				INFOPLIST_KEY_UILaunchStoryboardName = LaunchScreen;
				INFOPLIST_KEY_UIMainStoryboardFile = Main;
				INFOPLIST_KEY_UISupportedInterfaceOrientations_iPad = "UIInterfaceOrientationPortrait UIInterfaceOrientationPortraitUpsideDown UIInterfaceOrientationLandscapeLeft UIInterfaceOrientationLandscapeRight";
				INFOPLIST_KEY_UISupportedInterfaceOrientations_iPhone = "UIInterfaceOrientationPortrait UIInterfaceOrientationLandscapeLeft UIInterfaceOrientationLandscapeRight";
				IPHONEOS_DEPLOYMENT_TARGET = 14.7;
				LD_RUNPATH_SEARCH_PATHS = (
					"$(inherited)",
					"@executable_path/Frameworks",
				);
				MARKETING_VERSION = 1.0;
				PRODUCT_BUNDLE_IDENTIFIER = "com.eyuppastirmaci.path-finder";
				PRODUCT_NAME = "$(TARGET_NAME)";
				PROVISIONING_PROFILE_SPECIFIER = "";
				SWIFT_EMIT_LOC_STRINGS = YES;
				SWIFT_VERSION = 5.0;
				TARGETED_DEVICE_FAMILY = "1,2";
			};
			name = Debug;
		};
		1651D44728355B35002256C6 /* Release */ = {
			isa = XCBuildConfiguration;
			baseConfigurationReference = 084019F888B3D3DDC89891D8 /* Pods-path-finder.release.xcconfig */;
			buildSettings = {
				ASSETCATALOG_COMPILER_APPICON_NAME = AppIcon;
				ASSETCATALOG_COMPILER_GLOBAL_ACCENT_COLOR_NAME = AccentColor;
				CODE_SIGN_IDENTITY = "Apple Development";
				CODE_SIGN_STYLE = Automatic;
				CURRENT_PROJECT_VERSION = 1;
				DEVELOPMENT_TEAM = 5Z953BXNTC;
				GENERATE_INFOPLIST_FILE = YES;
				INFOPLIST_FILE = "path-finder/Info.plist";
				INFOPLIST_KEY_UIApplicationSupportsIndirectInputEvents = YES;
				INFOPLIST_KEY_UILaunchStoryboardName = LaunchScreen;
				INFOPLIST_KEY_UIMainStoryboardFile = Main;
				INFOPLIST_KEY_UISupportedInterfaceOrientations_iPad = "UIInterfaceOrientationPortrait UIInterfaceOrientationPortraitUpsideDown UIInterfaceOrientationLandscapeLeft UIInterfaceOrientationLandscapeRight";
				INFOPLIST_KEY_UISupportedInterfaceOrientations_iPhone = "UIInterfaceOrientationPortrait UIInterfaceOrientationLandscapeLeft UIInterfaceOrientationLandscapeRight";
				IPHONEOS_DEPLOYMENT_TARGET = 14.7;
				LD_RUNPATH_SEARCH_PATHS = (
					"$(inherited)",
					"@executable_path/Frameworks",
				);
				MARKETING_VERSION = 1.0;
				PRODUCT_BUNDLE_IDENTIFIER = "com.eyuppastirmaci.path-finder";
				PRODUCT_NAME = "$(TARGET_NAME)";
				PROVISIONING_PROFILE_SPECIFIER = "";
				SWIFT_EMIT_LOC_STRINGS = YES;
				SWIFT_VERSION = 5.0;
				TARGETED_DEVICE_FAMILY = "1,2";
			};
			name = Release;
		};
		1651D44928355B35002256C6 /* Debug */ = {
			isa = XCBuildConfiguration;
			baseConfigurationReference = 9CE4ECE7D71169F384387D75 /* Pods-path-finderTests.debug.xcconfig */;
			buildSettings = {
				ALWAYS_EMBED_SWIFT_STANDARD_LIBRARIES = YES;
				BUNDLE_LOADER = "$(TEST_HOST)";
				CODE_SIGN_STYLE = Automatic;
				CURRENT_PROJECT_VERSION = 1;
				DEVELOPMENT_TEAM = X7CDPENKR7;
				GENERATE_INFOPLIST_FILE = YES;
				IPHONEOS_DEPLOYMENT_TARGET = 15.4;
				MARKETING_VERSION = 1.0;
				PRODUCT_BUNDLE_IDENTIFIER = "com.eyuppastirmaci.path-finderTests";
				PRODUCT_NAME = "$(TARGET_NAME)";
				SWIFT_EMIT_LOC_STRINGS = NO;
				SWIFT_VERSION = 5.0;
				TARGETED_DEVICE_FAMILY = "1,2";
				TEST_HOST = "$(BUILT_PRODUCTS_DIR)/path-finder.app/path-finder";
			};
			name = Debug;
		};
		1651D44A28355B35002256C6 /* Release */ = {
			isa = XCBuildConfiguration;
			baseConfigurationReference = D7C10999E2F453AB129F3E29 /* Pods-path-finderTests.release.xcconfig */;
			buildSettings = {
				ALWAYS_EMBED_SWIFT_STANDARD_LIBRARIES = YES;
				BUNDLE_LOADER = "$(TEST_HOST)";
				CODE_SIGN_STYLE = Automatic;
				CURRENT_PROJECT_VERSION = 1;
				DEVELOPMENT_TEAM = X7CDPENKR7;
				GENERATE_INFOPLIST_FILE = YES;
				IPHONEOS_DEPLOYMENT_TARGET = 15.4;
				MARKETING_VERSION = 1.0;
				PRODUCT_BUNDLE_IDENTIFIER = "com.eyuppastirmaci.path-finderTests";
				PRODUCT_NAME = "$(TARGET_NAME)";
				SWIFT_EMIT_LOC_STRINGS = NO;
				SWIFT_VERSION = 5.0;
				TARGETED_DEVICE_FAMILY = "1,2";
				TEST_HOST = "$(BUILT_PRODUCTS_DIR)/path-finder.app/path-finder";
			};
			name = Release;
		};
		1651D44C28355B35002256C6 /* Debug */ = {
			isa = XCBuildConfiguration;
			baseConfigurationReference = E32888A2843B4EF040DA1A73 /* Pods-path-finder-path-finderUITests.debug.xcconfig */;
			buildSettings = {
				ALWAYS_EMBED_SWIFT_STANDARD_LIBRARIES = YES;
				CODE_SIGN_STYLE = Automatic;
				CURRENT_PROJECT_VERSION = 1;
				DEVELOPMENT_TEAM = X7CDPENKR7;
				GENERATE_INFOPLIST_FILE = YES;
				MARKETING_VERSION = 1.0;
				PRODUCT_BUNDLE_IDENTIFIER = "com.eyuppastirmaci.path-finderUITests";
				PRODUCT_NAME = "$(TARGET_NAME)";
				SWIFT_EMIT_LOC_STRINGS = NO;
				SWIFT_VERSION = 5.0;
				TARGETED_DEVICE_FAMILY = "1,2";
				TEST_TARGET_NAME = "path-finder";
			};
			name = Debug;
		};
		1651D44D28355B35002256C6 /* Release */ = {
			isa = XCBuildConfiguration;
			baseConfigurationReference = 216CA7B268BFC7DC3D551C1F /* Pods-path-finder-path-finderUITests.release.xcconfig */;
			buildSettings = {
				ALWAYS_EMBED_SWIFT_STANDARD_LIBRARIES = YES;
				CODE_SIGN_STYLE = Automatic;
				CURRENT_PROJECT_VERSION = 1;
				DEVELOPMENT_TEAM = X7CDPENKR7;
				GENERATE_INFOPLIST_FILE = YES;
				MARKETING_VERSION = 1.0;
				PRODUCT_BUNDLE_IDENTIFIER = "com.eyuppastirmaci.path-finderUITests";
				PRODUCT_NAME = "$(TARGET_NAME)";
				SWIFT_EMIT_LOC_STRINGS = NO;
				SWIFT_VERSION = 5.0;
				TARGETED_DEVICE_FAMILY = "1,2";
				TEST_TARGET_NAME = "path-finder";
			};
			name = Release;
		};
/* End XCBuildConfiguration section */

/* Begin XCConfigurationList section */
		1651D41328355B32002256C6 /* Build configuration list for PBXProject "path-finder" */ = {
			isa = XCConfigurationList;
			buildConfigurations = (
				1651D44328355B35002256C6 /* Debug */,
				1651D44428355B35002256C6 /* Release */,
			);
			defaultConfigurationIsVisible = 0;
			defaultConfigurationName = Release;
		};
		1651D44528355B35002256C6 /* Build configuration list for PBXNativeTarget "path-finder" */ = {
			isa = XCConfigurationList;
			buildConfigurations = (
				1651D44628355B35002256C6 /* Debug */,
				1651D44728355B35002256C6 /* Release */,
			);
			defaultConfigurationIsVisible = 0;
			defaultConfigurationName = Release;
		};
		1651D44828355B35002256C6 /* Build configuration list for PBXNativeTarget "path-finderTests" */ = {
			isa = XCConfigurationList;
			buildConfigurations = (
				1651D44928355B35002256C6 /* Debug */,
				1651D44A28355B35002256C6 /* Release */,
			);
			defaultConfigurationIsVisible = 0;
			defaultConfigurationName = Release;
		};
		1651D44B28355B35002256C6 /* Build configuration list for PBXNativeTarget "path-finderUITests" */ = {
			isa = XCConfigurationList;
			buildConfigurations = (
				1651D44C28355B35002256C6 /* Debug */,
				1651D44D28355B35002256C6 /* Release */,
			);
			defaultConfigurationIsVisible = 0;
			defaultConfigurationName = Release;
		};
/* End XCConfigurationList section */

/* Begin XCVersionGroup section */
		1651D42428355B32002256C6 /* path_finder.xcdatamodeld */ = {
			isa = XCVersionGroup;
			children = (
				1651D42528355B32002256C6 /* path_finder.xcdatamodel */,
			);
			currentVersion = 1651D42528355B32002256C6 /* path_finder.xcdatamodel */;
			path = path_finder.xcdatamodeld;
			sourceTree = "<group>";
			versionGroupType = wrapper.xcdatamodel;
		};
/* End XCVersionGroup section */
	};
	rootObject = 1651D41028355B32002256C6 /* Project object */;
}
